// !$*UTF8*$!
{
	archiveVersion = 1;
	classes = {
	};
	objectVersion = 50;
	objects = {

/* Begin PBXBuildFile section */
		001DB1D424DB6F060044F22E /* Helper.swift in Sources */ = {isa = PBXBuildFile; fileRef = 001DB1D324DB6F060044F22E /* Helper.swift */; };
		005292A924D8CD1200A5F486 /* AppDelegate.swift in Sources */ = {isa = PBXBuildFile; fileRef = 005292A824D8CD1200A5F486 /* AppDelegate.swift */; };
		005292AB24D8CD1200A5F486 /* SceneDelegate.swift in Sources */ = {isa = PBXBuildFile; fileRef = 005292AA24D8CD1200A5F486 /* SceneDelegate.swift */; };
		005292B024D8CD1200A5F486 /* Main.storyboard in Resources */ = {isa = PBXBuildFile; fileRef = 005292AE24D8CD1200A5F486 /* Main.storyboard */; };
		005292B224D8CD1600A5F486 /* Assets.xcassets in Resources */ = {isa = PBXBuildFile; fileRef = 005292B124D8CD1600A5F486 /* Assets.xcassets */; };
		005292B524D8CD1600A5F486 /* LaunchScreen.storyboard in Resources */ = {isa = PBXBuildFile; fileRef = 005292B324D8CD1600A5F486 /* LaunchScreen.storyboard */; };
		005292C024D8E03B00A5F486 /* AlarmTableViewController.swift in Sources */ = {isa = PBXBuildFile; fileRef = 005292BF24D8E03B00A5F486 /* AlarmTableViewController.swift */; };
		005292C224D8E0F400A5F486 /* HomeTableViewController.swift in Sources */ = {isa = PBXBuildFile; fileRef = 005292C124D8E0F400A5F486 /* HomeTableViewController.swift */; };
		005292C424D8E3A600A5F486 /* GroupTableViewController.swift in Sources */ = {isa = PBXBuildFile; fileRef = 005292C324D8E3A600A5F486 /* GroupTableViewController.swift */; };
		007EE1B724D9DAF7009EC599 /* Group.swift in Sources */ = {isa = PBXBuildFile; fileRef = 007EE1B624D9DAF7009EC599 /* Group.swift */; };
		007EE1B924D9DB02009EC599 /* Alarm.swift in Sources */ = {isa = PBXBuildFile; fileRef = 007EE1B824D9DB02009EC599 /* Alarm.swift */; };
/* End PBXBuildFile section */

/* Begin PBXFileReference section */
		001DB1D324DB6F060044F22E /* Helper.swift */ = {isa = PBXFileReference; lastKnownFileType = sourcecode.swift; path = Helper.swift; sourceTree = "<group>"; };
		005292A524D8CD1200A5F486 /* Alarmadillo.app */ = {isa = PBXFileReference; explicitFileType = wrapper.application; includeInIndex = 0; path = Alarmadillo.app; sourceTree = BUILT_PRODUCTS_DIR; };
		005292A824D8CD1200A5F486 /* AppDelegate.swift */ = {isa = PBXFileReference; lastKnownFileType = sourcecode.swift; path = AppDelegate.swift; sourceTree = "<group>"; };
		005292AA24D8CD1200A5F486 /* SceneDelegate.swift */ = {isa = PBXFileReference; lastKnownFileType = sourcecode.swift; path = SceneDelegate.swift; sourceTree = "<group>"; };
		005292AF24D8CD1200A5F486 /* Base */ = {isa = PBXFileReference; lastKnownFileType = file.storyboard; name = Base; path = Base.lproj/Main.storyboard; sourceTree = "<group>"; };
		005292B124D8CD1600A5F486 /* Assets.xcassets */ = {isa = PBXFileReference; lastKnownFileType = folder.assetcatalog; path = Assets.xcassets; sourceTree = "<group>"; };
		005292B424D8CD1600A5F486 /* Base */ = {isa = PBXFileReference; lastKnownFileType = file.storyboard; name = Base; path = Base.lproj/LaunchScreen.storyboard; sourceTree = "<group>"; };
		005292B624D8CD1600A5F486 /* Info.plist */ = {isa = PBXFileReference; lastKnownFileType = text.plist.xml; path = Info.plist; sourceTree = "<group>"; };
		005292BF24D8E03B00A5F486 /* AlarmTableViewController.swift */ = {isa = PBXFileReference; lastKnownFileType = sourcecode.swift; path = AlarmTableViewController.swift; sourceTree = "<group>"; };
		005292C124D8E0F400A5F486 /* HomeTableViewController.swift */ = {isa = PBXFileReference; lastKnownFileType = sourcecode.swift; path = HomeTableViewController.swift; sourceTree = "<group>"; };
		005292C324D8E3A600A5F486 /* GroupTableViewController.swift */ = {isa = PBXFileReference; lastKnownFileType = sourcecode.swift; path = GroupTableViewController.swift; sourceTree = "<group>"; };
		007EE1B624D9DAF7009EC599 /* Group.swift */ = {isa = PBXFileReference; lastKnownFileType = sourcecode.swift; path = Group.swift; sourceTree = "<group>"; };
		007EE1B824D9DB02009EC599 /* Alarm.swift */ = {isa = PBXFileReference; lastKnownFileType = sourcecode.swift; path = Alarm.swift; sourceTree = "<group>"; };
/* End PBXFileReference section */

/* Begin PBXFrameworksBuildPhase section */
		005292A224D8CD1200A5F486 /* Frameworks */ = {
			isa = PBXFrameworksBuildPhase;
			buildActionMask = 2147483647;
			files = (
			);
			runOnlyForDeploymentPostprocessing = 0;
		};
/* End PBXFrameworksBuildPhase section */

/* Begin PBXGroup section */
		0052929C24D8CD1200A5F486 = {
			isa = PBXGroup;
			children = (
				005292A724D8CD1200A5F486 /* Alarmadillo */,
				005292A624D8CD1200A5F486 /* Products */,
			);
			sourceTree = "<group>";
		};
		005292A624D8CD1200A5F486 /* Products */ = {
			isa = PBXGroup;
			children = (
				005292A524D8CD1200A5F486 /* Alarmadillo.app */,
			);
			name = Products;
			sourceTree = "<group>";
		};
		005292A724D8CD1200A5F486 /* Alarmadillo */ = {
			isa = PBXGroup;
			children = (
				007EE1B524D9DADD009EC599 /* Models */,
				005292BE24D8E02B00A5F486 /* Controllers */,
				005292A824D8CD1200A5F486 /* AppDelegate.swift */,
				005292AA24D8CD1200A5F486 /* SceneDelegate.swift */,
				005292AE24D8CD1200A5F486 /* Main.storyboard */,
				005292B124D8CD1600A5F486 /* Assets.xcassets */,
				005292B324D8CD1600A5F486 /* LaunchScreen.storyboard */,
				005292B624D8CD1600A5F486 /* Info.plist */,
				001DB1D324DB6F060044F22E /* Helper.swift */,
			);
			path = Alarmadillo;
			sourceTree = "<group>";
		};
		005292BE24D8E02B00A5F486 /* Controllers */ = {
			isa = PBXGroup;
			children = (
				005292BF24D8E03B00A5F486 /* AlarmTableViewController.swift */,
				005292C124D8E0F400A5F486 /* HomeTableViewController.swift */,
				005292C324D8E3A600A5F486 /* GroupTableViewController.swift */,
			);
			path = Controllers;
			sourceTree = "<group>";
		};
		007EE1B524D9DADD009EC599 /* Models */ = {
			isa = PBXGroup;
			children = (
				007EE1B624D9DAF7009EC599 /* Group.swift */,
				007EE1B824D9DB02009EC599 /* Alarm.swift */,
			);
			path = Models;
			sourceTree = "<group>";
		};
/* End PBXGroup section */

/* Begin PBXNativeTarget section */
		005292A424D8CD1200A5F486 /* Alarmadillo */ = {
			isa = PBXNativeTarget;
			buildConfigurationList = 005292B924D8CD1600A5F486 /* Build configuration list for PBXNativeTarget "Alarmadillo" */;
			buildPhases = (
				005292A124D8CD1200A5F486 /* Sources */,
				005292A224D8CD1200A5F486 /* Frameworks */,
				005292A324D8CD1200A5F486 /* Resources */,
			);
			buildRules = (
			);
			dependencies = (
			);
			name = Alarmadillo;
			productName = Alarmadillo;
			productReference = 005292A524D8CD1200A5F486 /* Alarmadillo.app */;
			productType = "com.apple.product-type.application";
		};
/* End PBXNativeTarget section */

/* Begin PBXProject section */
		0052929D24D8CD1200A5F486 /* Project object */ = {
			isa = PBXProject;
			attributes = {
				LastSwiftUpdateCheck = 1160;
				LastUpgradeCheck = 1160;
				ORGANIZATIONNAME = "Eros Campos";
				TargetAttributes = {
					005292A424D8CD1200A5F486 = {
						CreatedOnToolsVersion = 11.6;
					};
				};
			};
			buildConfigurationList = 005292A024D8CD1200A5F486 /* Build configuration list for PBXProject "Alarmadillo" */;
			compatibilityVersion = "Xcode 9.3";
			developmentRegion = en;
			hasScannedForEncodings = 0;
			knownRegions = (
				en,
				Base,
			);
			mainGroup = 0052929C24D8CD1200A5F486;
			productRefGroup = 005292A624D8CD1200A5F486 /* Products */;
			projectDirPath = "";
			projectRoot = "";
			targets = (
				005292A424D8CD1200A5F486 /* Alarmadillo */,
			);
		};
/* End PBXProject section */

/* Begin PBXResourcesBuildPhase section */
		005292A324D8CD1200A5F486 /* Resources */ = {
			isa = PBXResourcesBuildPhase;
			buildActionMask = 2147483647;
			files = (
				005292B524D8CD1600A5F486 /* LaunchScreen.storyboard in Resources */,
				005292B224D8CD1600A5F486 /* Assets.xcassets in Resources */,
				005292B024D8CD1200A5F486 /* Main.storyboard in Resources */,
			);
			runOnlyForDeploymentPostprocessing = 0;
		};
/* End PBXResourcesBuildPhase section */

/* Begin PBXSourcesBuildPhase section */
		005292A124D8CD1200A5F486 /* Sources */ = {
			isa = PBXSourcesBuildPhase;
			buildActionMask = 2147483647;
			files = (
				005292A924D8CD1200A5F486 /* AppDelegate.swift in Sources */,
				005292C424D8E3A600A5F486 /* GroupTableViewController.swift in Sources */,
				005292C024D8E03B00A5F486 /* AlarmTableViewController.swift in Sources */,
				007EE1B724D9DAF7009EC599 /* Group.swift in Sources */,
				005292AB24D8CD1200A5F486 /* SceneDelegate.swift in Sources */,
				007EE1B924D9DB02009EC599 /* Alarm.swift in Sources */,
				005292C224D8E0F400A5F486 /* HomeTableViewController.swift in Sources */,
				001DB1D424DB6F060044F22E /* Helper.swift in Sources */,
			);
			runOnlyForDeploymentPostprocessing = 0;
		};
/* End PBXSourcesBuildPhase section */

/* Begin PBXVariantGroup section */
		005292AE24D8CD1200A5F486 /* Main.storyboard */ = {
			isa = PBXVariantGroup;
			children = (
				005292AF24D8CD1200A5F486 /* Base */,
			);
			name = Main.storyboard;
			sourceTree = "<group>";
		};
		005292B324D8CD1600A5F486 /* LaunchScreen.storyboard */ = {
			isa = PBXVariantGroup;
			children = (
				005292B424D8CD1600A5F486 /* Base */,
			);
			name = LaunchScreen.storyboard;
			sourceTree = "<group>";
		};
/* End PBXVariantGroup section */

/* Begin XCBuildConfiguration section */
		005292B724D8CD1600A5F486 /* Debug */ = {
			isa = XCBuildConfiguration;
			buildSettings = {
				ALWAYS_SEARCH_USER_PATHS = NO;
				CLANG_ANALYZER_NONNULL = YES;
				CLANG_ANALYZER_NUMBER_OBJECT_CONVERSION = YES_AGGRESSIVE;
				CLANG_CXX_LANGUAGE_STANDARD = "gnu++14";
				CLANG_CXX_LIBRARY = "libc++";
				CLANG_ENABLE_MODULES = YES;
				CLANG_ENABLE_OBJC_ARC = YES;
				CLANG_ENABLE_OBJC_WEAK = YES;
				CLANG_WARN_BLOCK_CAPTURE_AUTORELEASING = YES;
				CLANG_WARN_BOOL_CONVERSION = YES;
				CLANG_WARN_COMMA = YES;
				CLANG_WARN_CONSTANT_CONVERSION = YES;
				CLANG_WARN_DEPRECATED_OBJC_IMPLEMENTATIONS = YES;
				CLANG_WARN_DIRECT_OBJC_ISA_USAGE = YES_ERROR;
				CLANG_WARN_DOCUMENTATION_COMMENTS = YES;
				CLANG_WARN_EMPTY_BODY = YES;
				CLANG_WARN_ENUM_CONVERSION = YES;
				CLANG_WARN_INFINITE_RECURSION = YES;
				CLANG_WARN_INT_CONVERSION = YES;
				CLANG_WARN_NON_LITERAL_NULL_CONVERSION = YES;
				CLANG_WARN_OBJC_IMPLICIT_RETAIN_SELF = YES;
				CLANG_WARN_OBJC_LITERAL_CONVERSION = YES;
				CLANG_WARN_OBJC_ROOT_CLASS = YES_ERROR;
				CLANG_WARN_RANGE_LOOP_ANALYSIS = YES;
				CLANG_WARN_STRICT_PROTOTYPES = YES;
				CLANG_WARN_SUSPICIOUS_MOVE = YES;
				CLANG_WARN_UNGUARDED_AVAILABILITY = YES_AGGRESSIVE;
				CLANG_WARN_UNREACHABLE_CODE = YES;
				CLANG_WARN__DUPLICATE_METHOD_MATCH = YES;
				COPY_PHASE_STRIP = NO;
				DEBUG_INFORMATION_FORMAT = dwarf;
				ENABLE_STRICT_OBJC_MSGSEND = YES;
				ENABLE_TESTABILITY = YES;
				GCC_C_LANGUAGE_STANDARD = gnu11;
				GCC_DYNAMIC_NO_PIC = NO;
				GCC_NO_COMMON_BLOCKS = YES;
				GCC_OPTIMIZATION_LEVEL = 0;
				GCC_PREPROCESSOR_DEFINITIONS = (
					"DEBUG=1",
					"$(inherited)",
				);
				GCC_WARN_64_TO_32_BIT_CONVERSION = YES;
				GCC_WARN_ABOUT_RETURN_TYPE = YES_ERROR;
				GCC_WARN_UNDECLARED_SELECTOR = YES;
				GCC_WARN_UNINITIALIZED_AUTOS = YES_AGGRESSIVE;
				GCC_WARN_UNUSED_FUNCTION = YES;
				GCC_WARN_UNUSED_VARIABLE = YES;
				IPHONEOS_DEPLOYMENT_TARGET = 13.6;
				MTL_ENABLE_DEBUG_INFO = INCLUDE_SOURCE;
				MTL_FAST_MATH = YES;
				ONLY_ACTIVE_ARCH = YES;
				SDKROOT = iphoneos;
				SWIFT_ACTIVE_COMPILATION_CONDITIONS = DEBUG;
				SWIFT_OPTIMIZATION_LEVEL = "-Onone";
			};
			name = Debug;
		};
		005292B824D8CD1600A5F486 /* Release */ = {
			isa = XCBuildConfiguration;
			buildSettings = {
				ALWAYS_SEARCH_USER_PATHS = NO;
				CLANG_ANALYZER_NONNULL = YES;
				CLANG_ANALYZER_NUMBER_OBJECT_CONVERSION = YES_AGGRESSIVE;
				CLANG_CXX_LANGUAGE_STANDARD = "gnu++14";
				CLANG_CXX_LIBRARY = "libc++";
				CLANG_ENABLE_MODULES = YES;
				CLANG_ENABLE_OBJC_ARC = YES;
				CLANG_ENABLE_OBJC_WEAK = YES;
				CLANG_WARN_BLOCK_CAPTURE_AUTORELEASING = YES;
				CLANG_WARN_BOOL_CONVERSION = YES;
				CLANG_WARN_COMMA = YES;
				CLANG_WARN_CONSTANT_CONVERSION = YES;
				CLANG_WARN_DEPRECATED_OBJC_IMPLEMENTATIONS = YES;
				CLANG_WARN_DIRECT_OBJC_ISA_USAGE = YES_ERROR;
				CLANG_WARN_DOCUMENTATION_COMMENTS = YES;
				CLANG_WARN_EMPTY_BODY = YES;
				CLANG_WARN_ENUM_CONVERSION = YES;
				CLANG_WARN_INFINITE_RECURSION = YES;
				CLANG_WARN_INT_CONVERSION = YES;
				CLANG_WARN_NON_LITERAL_NULL_CONVERSION = YES;
				CLANG_WARN_OBJC_IMPLICIT_RETAIN_SELF = YES;
				CLANG_WARN_OBJC_LITERAL_CONVERSION = YES;
				CLANG_WARN_OBJC_ROOT_CLASS = YES_ERROR;
				CLANG_WARN_RANGE_LOOP_ANALYSIS = YES;
				CLANG_WARN_STRICT_PROTOTYPES = YES;
				CLANG_WARN_SUSPICIOUS_MOVE = YES;
				CLANG_WARN_UNGUARDED_AVAILABILITY = YES_AGGRESSIVE;
				CLANG_WARN_UNREACHABLE_CODE = YES;
				CLANG_WARN__DUPLICATE_METHOD_MATCH = YES;
				COPY_PHASE_STRIP = NO;
				DEBUG_INFORMATION_FORMAT = "dwarf-with-dsym";
				ENABLE_NS_ASSERTIONS = NO;
				ENABLE_STRICT_OBJC_MSGSEND = YES;
				GCC_C_LANGUAGE_STANDARD = gnu11;
				GCC_NO_COMMON_BLOCKS = YES;
				GCC_WARN_64_TO_32_BIT_CONVERSION = YES;
				GCC_WARN_ABOUT_RETURN_TYPE = YES_ERROR;
				GCC_WARN_UNDECLARED_SELECTOR = YES;
				GCC_WARN_UNINITIALIZED_AUTOS = YES_AGGRESSIVE;
				GCC_WARN_UNUSED_FUNCTION = YES;
				GCC_WARN_UNUSED_VARIABLE = YES;
				IPHONEOS_DEPLOYMENT_TARGET = 13.6;
				MTL_ENABLE_DEBUG_INFO = NO;
				MTL_FAST_MATH = YES;
				SDKROOT = iphoneos;
				SWIFT_COMPILATION_MODE = wholemodule;
				SWIFT_OPTIMIZATION_LEVEL = "-O";
				VALIDATE_PRODUCT = YES;
			};
			name = Release;
		};
		005292BA24D8CD1600A5F486 /* Debug */ = {
			isa = XCBuildConfiguration;
			buildSettings = {
				ASSETCATALOG_COMPILER_APPICON_NAME = AppIcon;
				CODE_SIGN_STYLE = Automatic;
				DEVELOPMENT_TEAM = QCHYTX64J7;
				INFOPLIST_FILE = Alarmadillo/Info.plist;
				LD_RUNPATH_SEARCH_PATHS = (
					"$(inherited)",
					"@executable_path/Frameworks",
				);
				PRODUCT_BUNDLE_IDENTIFIER = campos.eros.Alarmadillo;
				PRODUCT_NAME = "$(TARGET_NAME)";
				SWIFT_VERSION = 5.0;
				TARGETED_DEVICE_FAMILY = "1,2";
			};
			name = Debug;
		};
		005292BB24D8CD1600A5F486 /* Release */ = {
			isa = XCBuildConfiguration;
			buildSettings = {
				ASSETCATALOG_COMPILER_APPICON_NAME = AppIcon;
				CODE_SIGN_STYLE = Automatic;
				DEVELOPMENT_TEAM = QCHYTX64J7;
				INFOPLIST_FILE = Alarmadillo/Info.plist;
				LD_RUNPATH_SEARCH_PATHS = (
					"$(inherited)",
					"@executable_path/Frameworks",
				);
				PRODUCT_BUNDLE_IDENTIFIER = campos.eros.Alarmadillo;
				PRODUCT_NAME = "$(TARGET_NAME)";
				SWIFT_VERSION = 5.0;
				TARGETED_DEVICE_FAMILY = "1,2";
			};
			name = Release;
		};
/* End XCBuildConfiguration section */

/* Begin XCConfigurationList section */
		005292A024D8CD1200A5F486 /* Build configuration list for PBXProject "Alarmadillo" */ = {
			isa = XCConfigurationList;
			buildConfigurations = (
				005292B724D8CD1600A5F486 /* Debug */,
				005292B824D8CD1600A5F486 /* Release */,
			);
			defaultConfigurationIsVisible = 0;
			defaultConfigurationName = Release;
		};
		005292B924D8CD1600A5F486 /* Build configuration list for PBXNativeTarget "Alarmadillo" */ = {
			isa = XCConfigurationList;
			buildConfigurations = (
				005292BA24D8CD1600A5F486 /* Debug */,
				005292BB24D8CD1600A5F486 /* Release */,
			);
			defaultConfigurationIsVisible = 0;
			defaultConfigurationName = Release;
		};
/* End XCConfigurationList section */
	};
	rootObject = 0052929D24D8CD1200A5F486 /* Project object */;
}
